// !$*UTF8*$!
{
	archiveVersion = 1;
	classes = {
	};
	objectVersion = 50;
	objects = {

/* Begin PBXBuildFile section */
		6179B6D9235903F0004A0944 /* AppDelegate.swift in Sources */ = {isa = PBXBuildFile; fileRef = 6179B6D8235903F0004A0944 /* AppDelegate.swift */; };
		6179B6DB235903F0004A0944 /* SceneDelegate.swift in Sources */ = {isa = PBXBuildFile; fileRef = 6179B6DA235903F0004A0944 /* SceneDelegate.swift */; };
		6179B6DD235903F0004A0944 /* ContentView.swift in Sources */ = {isa = PBXBuildFile; fileRef = 6179B6DC235903F0004A0944 /* ContentView.swift */; };
		6179B6DF235903F2004A0944 /* Assets.xcassets in Resources */ = {isa = PBXBuildFile; fileRef = 6179B6DE235903F2004A0944 /* Assets.xcassets */; };
		6179B6E2235903F2004A0944 /* Preview Assets.xcassets in Resources */ = {isa = PBXBuildFile; fileRef = 6179B6E1235903F2004A0944 /* Preview Assets.xcassets */; };
		6179B6E5235903F2004A0944 /* LaunchScreen.storyboard in Resources */ = {isa = PBXBuildFile; fileRef = 6179B6E3235903F2004A0944 /* LaunchScreen.storyboard */; };
		6179B6F0235903F2004A0944 /* OpenTabTests.swift in Sources */ = {isa = PBXBuildFile; fileRef = 6179B6EF235903F2004A0944 /* OpenTabTests.swift */; };
/* End PBXBuildFile section */

/* Begin PBXContainerItemProxy section */
		6179B6EC235903F2004A0944 /* PBXContainerItemProxy */ = {
			isa = PBXContainerItemProxy;
			containerPortal = 6179B6CD235903F0004A0944 /* Project object */;
			proxyType = 1;
			remoteGlobalIDString = 6179B6D4235903F0004A0944;
			remoteInfo = OpenTab;
		};
/* End PBXContainerItemProxy section */

/* Begin PBXFileReference section */
		6179B6D5235903F0004A0944 /* OpenTab.app */ = {isa = PBXFileReference; explicitFileType = wrapper.application; includeInIndex = 0; path = OpenTab.app; sourceTree = BUILT_PRODUCTS_DIR; };
		6179B6D8235903F0004A0944 /* AppDelegate.swift */ = {isa = PBXFileReference; lastKnownFileType = sourcecode.swift; path = AppDelegate.swift; sourceTree = "<group>"; };
		6179B6DA235903F0004A0944 /* SceneDelegate.swift */ = {isa = PBXFileReference; lastKnownFileType = sourcecode.swift; path = SceneDelegate.swift; sourceTree = "<group>"; };
		6179B6DC235903F0004A0944 /* ContentView.swift */ = {isa = PBXFileReference; lastKnownFileType = sourcecode.swift; path = ContentView.swift; sourceTree = "<group>"; };
		6179B6DE235903F2004A0944 /* Assets.xcassets */ = {isa = PBXFileReference; lastKnownFileType = folder.assetcatalog; path = Assets.xcassets; sourceTree = "<group>"; };
		6179B6E1235903F2004A0944 /* Preview Assets.xcassets */ = {isa = PBXFileReference; lastKnownFileType = folder.assetcatalog; path = "Preview Assets.xcassets"; sourceTree = "<group>"; };
		6179B6E4235903F2004A0944 /* Base */ = {isa = PBXFileReference; lastKnownFileType = file.storyboard; name = Base; path = Base.lproj/LaunchScreen.storyboard; sourceTree = "<group>"; };
		6179B6E6235903F2004A0944 /* Info.plist */ = {isa = PBXFileReference; lastKnownFileType = text.plist.xml; path = Info.plist; sourceTree = "<group>"; };
		6179B6EB235903F2004A0944 /* OpenTabTests.xctest */ = {isa = PBXFileReference; explicitFileType = wrapper.cfbundle; includeInIndex = 0; path = OpenTabTests.xctest; sourceTree = BUILT_PRODUCTS_DIR; };
		6179B6EF235903F2004A0944 /* OpenTabTests.swift */ = {isa = PBXFileReference; lastKnownFileType = sourcecode.swift; path = OpenTabTests.swift; sourceTree = "<group>"; };
		6179B6F1235903F2004A0944 /* Info.plist */ = {isa = PBXFileReference; lastKnownFileType = text.plist.xml; path = Info.plist; sourceTree = "<group>"; };
/* End PBXFileReference section */

/* Begin PBXFrameworksBuildPhase section */
		6179B6D2235903F0004A0944 /* Frameworks */ = {
			isa = PBXFrameworksBuildPhase;
			buildActionMask = 2147483647;
			files = (
			);
			runOnlyForDeploymentPostprocessing = 0;
		};
		6179B6E8235903F2004A0944 /* Frameworks */ = {
			isa = PBXFrameworksBuildPhase;
			buildActionMask = 2147483647;
			files = (
			);
			runOnlyForDeploymentPostprocessing = 0;
		};
/* End PBXFrameworksBuildPhase section */

/* Begin PBXGroup section */
		6179B6CC235903F0004A0944 = {
			isa = PBXGroup;
			children = (
				6179B6D7235903F0004A0944 /* OpenTab */,
				6179B6EE235903F2004A0944 /* OpenTabTests */,
				6179B6D6235903F0004A0944 /* Products */,
			);
			sourceTree = "<group>";
		};
		6179B6D6235903F0004A0944 /* Products */ = {
			isa = PBXGroup;
			children = (
				6179B6D5235903F0004A0944 /* OpenTab.app */,
				6179B6EB235903F2004A0944 /* OpenTabTests.xctest */,
			);
			name = Products;
			sourceTree = "<group>";
		};
		6179B6D7235903F0004A0944 /* OpenTab */ = {
			isa = PBXGroup;
			children = (
				6179B6D8235903F0004A0944 /* AppDelegate.swift */,
				6179B6DA235903F0004A0944 /* SceneDelegate.swift */,
				6179B6DC235903F0004A0944 /* ContentView.swift */,
				6179B6DE235903F2004A0944 /* Assets.xcassets */,
				6179B6E3235903F2004A0944 /* LaunchScreen.storyboard */,
				6179B6E6235903F2004A0944 /* Info.plist */,
				6179B6E0235903F2004A0944 /* Preview Content */,
			);
			path = OpenTab;
			sourceTree = "<group>";
		};
		6179B6E0235903F2004A0944 /* Preview Content */ = {
			isa = PBXGroup;
			children = (
				6179B6E1235903F2004A0944 /* Preview Assets.xcassets */,
			);
			path = "Preview Content";
			sourceTree = "<group>";
		};
		6179B6EE235903F2004A0944 /* OpenTabTests */ = {
			isa = PBXGroup;
			children = (
				6179B6EF235903F2004A0944 /* OpenTabTests.swift */,
				6179B6F1235903F2004A0944 /* Info.plist */,
			);
			path = OpenTabTests;
			sourceTree = "<group>";
		};
/* End PBXGroup section */

/* Begin PBXNativeTarget section */
		6179B6D4235903F0004A0944 /* OpenTab */ = {
			isa = PBXNativeTarget;
			buildConfigurationList = 6179B6F4235903F2004A0944 /* Build configuration list for PBXNativeTarget "OpenTab" */;
			buildPhases = (
				6179B6D1235903F0004A0944 /* Sources */,
				6179B6D2235903F0004A0944 /* Frameworks */,
				6179B6D3235903F0004A0944 /* Resources */,
			);
			buildRules = (
			);
			dependencies = (
			);
			name = OpenTab;
			productName = OpenTab;
			productReference = 6179B6D5235903F0004A0944 /* OpenTab.app */;
			productType = "com.apple.product-type.application";
		};
		6179B6EA235903F2004A0944 /* OpenTabTests */ = {
			isa = PBXNativeTarget;
			buildConfigurationList = 6179B6F7235903F2004A0944 /* Build configuration list for PBXNativeTarget "OpenTabTests" */;
			buildPhases = (
				6179B6E7235903F2004A0944 /* Sources */,
				6179B6E8235903F2004A0944 /* Frameworks */,
				6179B6E9235903F2004A0944 /* Resources */,
			);
			buildRules = (
			);
			dependencies = (
				6179B6ED235903F2004A0944 /* PBXTargetDependency */,
			);
			name = OpenTabTests;
			productName = OpenTabTests;
			productReference = 6179B6EB235903F2004A0944 /* OpenTabTests.xctest */;
			productType = "com.apple.product-type.bundle.unit-test";
		};
/* End PBXNativeTarget section */

/* Begin PBXProject section */
		6179B6CD235903F0004A0944 /* Project object */ = {
			isa = PBXProject;
			attributes = {
				LastSwiftUpdateCheck = 1110;
				LastUpgradeCheck = 1110;
				ORGANIZATIONNAME = "Richard de Borja";
				TargetAttributes = {
					6179B6D4235903F0004A0944 = {
						CreatedOnToolsVersion = 11.1;
					};
					6179B6EA235903F2004A0944 = {
						CreatedOnToolsVersion = 11.1;
						TestTargetID = 6179B6D4235903F0004A0944;
					};
				};
			};
			buildConfigurationList = 6179B6D0235903F0004A0944 /* Build configuration list for PBXProject "OpenTab" */;
			compatibilityVersion = "Xcode 9.3";
			developmentRegion = en;
			hasScannedForEncodings = 0;
			knownRegions = (
				en,
				Base,
			);
			mainGroup = 6179B6CC235903F0004A0944;
			productRefGroup = 6179B6D6235903F0004A0944 /* Products */;
			projectDirPath = "";
			projectRoot = "";
			targets = (
				6179B6D4235903F0004A0944 /* OpenTab */,
				6179B6EA235903F2004A0944 /* OpenTabTests */,
			);
		};
/* End PBXProject section */

/* Begin PBXResourcesBuildPhase section */
		6179B6D3235903F0004A0944 /* Resources */ = {
			isa = PBXResourcesBuildPhase;
			buildActionMask = 2147483647;
			files = (
				6179B6E5235903F2004A0944 /* LaunchScreen.storyboard in Resources */,
				6179B6E2235903F2004A0944 /* Preview Assets.xcassets in Resources */,
				6179B6DF235903F2004A0944 /* Assets.xcassets in Resources */,
			);
			runOnlyForDeploymentPostprocessing = 0;
		};
		6179B6E9235903F2004A0944 /* Resources */ = {
			isa = PBXResourcesBuildPhase;
			buildActionMask = 2147483647;
			files = (
			);
			runOnlyForDeploymentPostprocessing = 0;
		};
/* End PBXResourcesBuildPhase section */

/* Begin PBXSourcesBuildPhase section */
		6179B6D1235903F0004A0944 /* Sources */ = {
			isa = PBXSourcesBuildPhase;
			buildActionMask = 2147483647;
			files = (
				6179B6D9235903F0004A0944 /* AppDelegate.swift in Sources */,
				6179B6DB235903F0004A0944 /* SceneDelegate.swift in Sources */,
				6179B6DD235903F0004A0944 /* ContentView.swift in Sources */,
			);
			runOnlyForDeploymentPostprocessing = 0;
		};
		6179B6E7235903F2004A0944 /* Sources */ = {
			isa = PBXSourcesBuildPhase;
			buildActionMask = 2147483647;
			files = (
				6179B6F0235903F2004A0944 /* OpenTabTests.swift in Sources */,
			);
			runOnlyForDeploymentPostprocessing = 0;
		};
/* End PBXSourcesBuildPhase section */

/* Begin PBXTargetDependency section */
		6179B6ED235903F2004A0944 /* PBXTargetDependency */ = {
			isa = PBXTargetDependency;
			target = 6179B6D4235903F0004A0944 /* OpenTab */;
			targetProxy = 6179B6EC235903F2004A0944 /* PBXContainerItemProxy */;
		};
/* End PBXTargetDependency section */

/* Begin PBXVariantGroup section */
		6179B6E3235903F2004A0944 /* LaunchScreen.storyboard */ = {
			isa = PBXVariantGroup;
			children = (
				6179B6E4235903F2004A0944 /* Base */,
			);
			name = LaunchScreen.storyboard;
			sourceTree = "<group>";
		};
/* End PBXVariantGroup section */

/* Begin XCBuildConfiguration section */
		6179B6F2235903F2004A0944 /* Debug */ = {
			isa = XCBuildConfiguration;
			buildSettings = {
				ALWAYS_SEARCH_USER_PATHS = NO;
				CLANG_ANALYZER_NONNULL = YES;
				CLANG_ANALYZER_NUMBER_OBJECT_CONVERSION = YES_AGGRESSIVE;
				CLANG_CXX_LANGUAGE_STANDARD = "gnu++14";
				CLANG_CXX_LIBRARY = "libc++";
				CLANG_ENABLE_MODULES = YES;
				CLANG_ENABLE_OBJC_ARC = YES;
				CLANG_ENABLE_OBJC_WEAK = YES;
				CLANG_WARN_BLOCK_CAPTURE_AUTORELEASING = YES;
				CLANG_WARN_BOOL_CONVERSION = YES;
				CLANG_WARN_COMMA = YES;
				CLANG_WARN_CONSTANT_CONVERSION = YES;
				CLANG_WARN_DEPRECATED_OBJC_IMPLEMENTATIONS = YES;
				CLANG_WARN_DIRECT_OBJC_ISA_USAGE = YES_ERROR;
				CLANG_WARN_DOCUMENTATION_COMMENTS = YES;
				CLANG_WARN_EMPTY_BODY = YES;
				CLANG_WARN_ENUM_CONVERSION = YES;
				CLANG_WARN_INFINITE_RECURSION = YES;
				CLANG_WARN_INT_CONVERSION = YES;
				CLANG_WARN_NON_LITERAL_NULL_CONVERSION = YES;
				CLANG_WARN_OBJC_IMPLICIT_RETAIN_SELF = YES;
				CLANG_WARN_OBJC_LITERAL_CONVERSION = YES;
				CLANG_WARN_OBJC_ROOT_CLASS = YES_ERROR;
				CLANG_WARN_RANGE_LOOP_ANALYSIS = YES;
				CLANG_WARN_STRICT_PROTOTYPES = YES;
				CLANG_WARN_SUSPICIOUS_MOVE = YES;
				CLANG_WARN_UNGUARDED_AVAILABILITY = YES_AGGRESSIVE;
				CLANG_WARN_UNREACHABLE_CODE = YES;
				CLANG_WARN__DUPLICATE_METHOD_MATCH = YES;
				COPY_PHASE_STRIP = NO;
				DEBUG_INFORMATION_FORMAT = dwarf;
				ENABLE_STRICT_OBJC_MSGSEND = YES;
				ENABLE_TESTABILITY = YES;
				GCC_C_LANGUAGE_STANDARD = gnu11;
				GCC_DYNAMIC_NO_PIC = NO;
				GCC_NO_COMMON_BLOCKS = YES;
				GCC_OPTIMIZATION_LEVEL = 0;
				GCC_PREPROCESSOR_DEFINITIONS = (
					"DEBUG=1",
					"$(inherited)",
				);
				GCC_WARN_64_TO_32_BIT_CONVERSION = YES;
				GCC_WARN_ABOUT_RETURN_TYPE = YES_ERROR;
				GCC_WARN_UNDECLARED_SELECTOR = YES;
				GCC_WARN_UNINITIALIZED_AUTOS = YES_AGGRESSIVE;
				GCC_WARN_UNUSED_FUNCTION = YES;
				GCC_WARN_UNUSED_VARIABLE = YES;
				IPHONEOS_DEPLOYMENT_TARGET = 13.1;
				MTL_ENABLE_DEBUG_INFO = INCLUDE_SOURCE;
				MTL_FAST_MATH = YES;
				ONLY_ACTIVE_ARCH = YES;
				SDKROOT = iphoneos;
				SWIFT_ACTIVE_COMPILATION_CONDITIONS = DEBUG;
				SWIFT_OPTIMIZATION_LEVEL = "-Onone";
			};
			name = Debug;
		};
		6179B6F3235903F2004A0944 /* Release */ = {
			isa = XCBuildConfiguration;
			buildSettings = {
				ALWAYS_SEARCH_USER_PATHS = NO;
				CLANG_ANALYZER_NONNULL = YES;
				CLANG_ANALYZER_NUMBER_OBJECT_CONVERSION = YES_AGGRESSIVE;
				CLANG_CXX_LANGUAGE_STANDARD = "gnu++14";
				CLANG_CXX_LIBRARY = "libc++";
				CLANG_ENABLE_MODULES = YES;
				CLANG_ENABLE_OBJC_ARC = YES;
				CLANG_ENABLE_OBJC_WEAK = YES;
				CLANG_WARN_BLOCK_CAPTURE_AUTORELEASING = YES;
				CLANG_WARN_BOOL_CONVERSION = YES;
				CLANG_WARN_COMMA = YES;
				CLANG_WARN_CONSTANT_CONVERSION = YES;
				CLANG_WARN_DEPRECATED_OBJC_IMPLEMENTATIONS = YES;
				CLANG_WARN_DIRECT_OBJC_ISA_USAGE = YES_ERROR;
				CLANG_WARN_DOCUMENTATION_COMMENTS = YES;
				CLANG_WARN_EMPTY_BODY = YES;
				CLANG_WARN_ENUM_CONVERSION = YES;
				CLANG_WARN_INFINITE_RECURSION = YES;
				CLANG_WARN_INT_CONVERSION = YES;
				CLANG_WARN_NON_LITERAL_NULL_CONVERSION = YES;
				CLANG_WARN_OBJC_IMPLICIT_RETAIN_SELF = YES;
				CLANG_WARN_OBJC_LITERAL_CONVERSION = YES;
				CLANG_WARN_OBJC_ROOT_CLASS = YES_ERROR;
				CLANG_WARN_RANGE_LOOP_ANALYSIS = YES;
				CLANG_WARN_STRICT_PROTOTYPES = YES;
				CLANG_WARN_SUSPICIOUS_MOVE = YES;
				CLANG_WARN_UNGUARDED_AVAILABILITY = YES_AGGRESSIVE;
				CLANG_WARN_UNREACHABLE_CODE = YES;
				CLANG_WARN__DUPLICATE_METHOD_MATCH = YES;
				COPY_PHASE_STRIP = NO;
				DEBUG_INFORMATION_FORMAT = "dwarf-with-dsym";
				ENABLE_NS_ASSERTIONS = NO;
				ENABLE_STRICT_OBJC_MSGSEND = YES;
				GCC_C_LANGUAGE_STANDARD = gnu11;
				GCC_NO_COMMON_BLOCKS = YES;
				GCC_WARN_64_TO_32_BIT_CONVERSION = YES;
				GCC_WARN_ABOUT_RETURN_TYPE = YES_ERROR;
				GCC_WARN_UNDECLARED_SELECTOR = YES;
				GCC_WARN_UNINITIALIZED_AUTOS = YES_AGGRESSIVE;
				GCC_WARN_UNUSED_FUNCTION = YES;
				GCC_WARN_UNUSED_VARIABLE = YES;
				IPHONEOS_DEPLOYMENT_TARGET = 13.1;
				MTL_ENABLE_DEBUG_INFO = NO;
				MTL_FAST_MATH = YES;
				SDKROOT = iphoneos;
				SWIFT_COMPILATION_MODE = wholemodule;
				SWIFT_OPTIMIZATION_LEVEL = "-O";
				VALIDATE_PRODUCT = YES;
			};
			name = Release;
		};
		6179B6F5235903F2004A0944 /* Debug */ = {
			isa = XCBuildConfiguration;
			buildSettings = {
				ASSETCATALOG_COMPILER_APPICON_NAME = AppIcon;
				CODE_SIGN_STYLE = Automatic;
				DEVELOPMENT_ASSET_PATHS = "\"OpenTab/Preview Content\"";
				DEVELOPMENT_TEAM = MRF3KZDEYC;
				ENABLE_PREVIEWS = YES;
				INFOPLIST_FILE = OpenTab/Info.plist;
				LD_RUNPATH_SEARCH_PATHS = (
					"$(inherited)",
					"@executable_path/Frameworks",
				);
				PRODUCT_BUNDLE_IDENTIFIER = com.richarddeborja.app.OpenTab;
				PRODUCT_NAME = "$(TARGET_NAME)";
				SWIFT_VERSION = 5.0;
				TARGETED_DEVICE_FAMILY = "1,2";
			};
			name = Debug;
		};
		6179B6F6235903F2004A0944 /* Release */ = {
			isa = XCBuildConfiguration;
			buildSettings = {
				ASSETCATALOG_COMPILER_APPICON_NAME = AppIcon;
				CODE_SIGN_STYLE = Automatic;
				DEVELOPMENT_ASSET_PATHS = "\"OpenTab/Preview Content\"";
				DEVELOPMENT_TEAM = MRF3KZDEYC;
				ENABLE_PREVIEWS = YES;
				INFOPLIST_FILE = OpenTab/Info.plist;
				LD_RUNPATH_SEARCH_PATHS = (
					"$(inherited)",
					"@executable_path/Frameworks",
				);
				PRODUCT_BUNDLE_IDENTIFIER = com.richarddeborja.app.OpenTab;
				PRODUCT_NAME = "$(TARGET_NAME)";
				SWIFT_VERSION = 5.0;
				TARGETED_DEVICE_FAMILY = "1,2";
			};
			name = Release;
		};
		6179B6F8235903F2004A0944 /* Debug */ = {
			isa = XCBuildConfiguration;
			buildSettings = {
				ALWAYS_EMBED_SWIFT_STANDARD_LIBRARIES = YES;
				BUNDLE_LOADER = "$(TEST_HOST)";
				CODE_SIGN_STYLE = Automatic;
				DEVELOPMENT_TEAM = MRF3KZDEYC;
				INFOPLIST_FILE = OpenTabTests/Info.plist;
				IPHONEOS_DEPLOYMENT_TARGET = 13.1;
				LD_RUNPATH_SEARCH_PATHS = (
					"$(inherited)",
					"@executable_path/Frameworks",
					"@loader_path/Frameworks",
				);
				PRODUCT_BUNDLE_IDENTIFIER = com.richarddeborja.app.OpenTabTests;
				PRODUCT_NAME = "$(TARGET_NAME)";
				SWIFT_VERSION = 5.0;
				TARGETED_DEVICE_FAMILY = "1,2";
				TEST_HOST = "$(BUILT_PRODUCTS_DIR)/OpenTab.app/OpenTab";
			};
			name = Debug;
		};
		6179B6F9235903F2004A0944 /* Release */ = {
			isa = XCBuildConfiguration;
			buildSettings = {
				ALWAYS_EMBED_SWIFT_STANDARD_LIBRARIES = YES;
				BUNDLE_LOADER = "$(TEST_HOST)";
				CODE_SIGN_STYLE = Automatic;
				DEVELOPMENT_TEAM = MRF3KZDEYC;
				INFOPLIST_FILE = OpenTabTests/Info.plist;
				IPHONEOS_DEPLOYMENT_TARGET = 13.1;
				LD_RUNPATH_SEARCH_PATHS = (
					"$(inherited)",
					"@executable_path/Frameworks",
					"@loader_path/Frameworks",
				);
				PRODUCT_BUNDLE_IDENTIFIER = com.richarddeborja.app.OpenTabTests;
				PRODUCT_NAME = "$(TARGET_NAME)";
				SWIFT_VERSION = 5.0;
				TARGETED_DEVICE_FAMILY = "1,2";
				TEST_HOST = "$(BUILT_PRODUCTS_DIR)/OpenTab.app/OpenTab";
			};
			name = Release;
		};
/* End XCBuildConfiguration section */

/* Begin XCConfigurationList section */
		6179B6D0235903F0004A0944 /* Build configuration list for PBXProject "OpenTab" */ = {
			isa = XCConfigurationList;
			buildConfigurations = (
				6179B6F2235903F2004A0944 /* Debug */,
				6179B6F3235903F2004A0944 /* Release */,
			);
			defaultConfigurationIsVisible = 0;
			defaultConfigurationName = Release;
		};
		6179B6F4235903F2004A0944 /* Build configuration list for PBXNativeTarget "OpenTab" */ = {
			isa = XCConfigurationList;
			buildConfigurations = (
				6179B6F5235903F2004A0944 /* Debug */,
				6179B6F6235903F2004A0944 /* Release */,
			);
			defaultConfigurationIsVisible = 0;
			defaultConfigurationName = Release;
		};
		6179B6F7235903F2004A0944 /* Build configuration list for PBXNativeTarget "OpenTabTests" */ = {
			isa = XCConfigurationList;
			buildConfigurations = (
				6179B6F8235903F2004A0944 /* Debug */,
				6179B6F9235903F2004A0944 /* Release */,
			);
			defaultConfigurationIsVisible = 0;
			defaultConfigurationName = Release;
		};
/* End XCConfigurationList section */
	};
	rootObject = 6179B6CD235903F0004A0944 /* Project object */;
}
